Microsoft Visual Studio Solution File, Format Version 12.00
# Visual Studio Version 18
VisualStudioVersion = 18.0.11109.219
MinimumVisualStudioVersion = 10.0.40219.1
Project("{FAE04EC0-301F-11D3-BF4B-00C04F79EFBC}") = "TerraLink.API", "src\TerraLink.API\TerraLink.API.csproj", "{469BC3FD-3379-F075-0DB8-0A3B762C60B9}"
EndProject
Project("{FAE04EC0-301F-11D3-BF4B-00C04F79EFBC}") = "TerraLink.Domain", "src\TerraLink.Domain\TerraLink.Domain.csproj", "{A4EFCC0F-89C9-1B92-24B9-A3AD4A27E0B2}"
EndProject
Project("{FAE04EC0-301F-11D3-BF4B-00C04F79EFBC}") = "TerraLink.Migration", "src\TerraLink.Migration\TerraLink.Migration.csproj", "{962B3D1C-9392-CE77-F4B9-FE1018A1A1CF}"
EndProject
Project("{2150E333-8FDC-42A3-9474-1A3956D46DE8}") = "UseCases", "UseCases", "{02EA681E-C7D8-13C7-8484-4AC65E1B71E8}"
EndProject
Project("{FAE04EC0-301F-11D3-BF4B-00C04F79EFBC}") = "TerraLink.UseCase.Asset", "src\UseCases\TerraLink.UseCase.Asset\TerraLink.UseCase.Asset.csproj", "{D96D82F6-12F3-42D5-B506-DB839F430891}"
EndProject
Project("{FAE04EC0-301F-11D3-BF4B-00C04F79EFBC}") = "TerraLink.UseCase.Sales", "src\UseCases\TerraLink.UseCase.Sales\TerraLink.UseCase.Sales.csproj", "{AE462925-BC4F-AF2D-D702-57115C84FDF4}"
EndProject
Project("{FAE04EC0-301F-11D3-BF4B-00C04F79EFBC}") = "TerraLink.UseCase.Document", "src\UseCases\TerraLink.UseCase.Document\TerraLink.UseCase.Document.csproj", "{232A75D7-6B7D-4E41-996F-86A0F8DBE5C6}"
EndProject
Project("{FAE04EC0-301F-11D3-BF4B-00C04F79EFBC}") = "TerraLink.UseCase.Lookup", "src\UseCases\TerraLink.UseCase.Lookup\TerraLink.UseCase.Lookup.csproj", "{9884B973-9E31-77CE-A50E-C45B3E9F777C}"
EndProject
Project("{FAE04EC0-301F-11D3-BF4B-00C04F79EFBC}") = "TerraLink.UseCase.IdentityShield", "src\UseCases\TerraLink.UseCase.IdentityShield\TerraLink.UseCase.IdentityShield.csproj", "{E09C170C-36FC-AB06-B37A-700CE63273D3}"
EndProject
Project("{FAE04EC0-301F-11D3-BF4B-00C04F79EFBC}") = "TerraLink.UseCase.Finance", "src\UseCases\TerraLink.UseCase.Finance\TerraLink.UseCase.Finance.csproj", "{EA308F07-568C-0462-8F94-03C38EC33807}"
EndProject
Project("{FAE04EC0-301F-11D3-BF4B-00C04F79EFBC}") = "TerraLink.UseCase.Report", "src\UseCases\TerraLink.UseCase.Report\TerraLink.UseCase.Report.csproj", "{BA5277F9-F550-25D3-0527-06B8B4C76211}"
EndProject
Project("{FAE04EC0-301F-11D3-BF4B-00C04F79EFBC}") = "TerraLink.UseCase.Dashboard", "src\UseCases\TerraLink.UseCase.Dashboard\TerraLink.UseCase.Dashboard.csproj", "{A85021D2-EC0F-43BB-9F94-0D7C049BC986}"
EndProject
Global
	GlobalSection(SolutionConfigurationPlatforms) = preSolution
		Debug|Any CPU = Debug|Any CPU
		Debug|x64 = Debug|x64
		Debug|x86 = Debug|x86
		Release|Any CPU = Release|Any CPU
		Release|x64 = Release|x64
		Release|x86 = Release|x86
	EndGlobalSection
	GlobalSection(ProjectConfigurationPlatforms) = postSolution
		{469BC3FD-3379-F075-0DB8-0A3B762C60B9}.Debug|Any CPU.ActiveCfg = Debug|Any CPU
		{469BC3FD-3379-F075-0DB8-0A3B762C60B9}.Debug|Any CPU.Build.0 = Debug|Any CPU
		{469BC3FD-3379-F075-0DB8-0A3B762C60B9}.Debug|x64.ActiveCfg = Debug|Any CPU
		{469BC3FD-3379-F075-0DB8-0A3B762C60B9}.Debug|x64.Build.0 = Debug|Any CPU
		{469BC3FD-3379-F075-0DB8-0A3B762C60B9}.Debug|x86.ActiveCfg = Debug|Any CPU
		{469BC3FD-3379-F075-0DB8-0A3B762C60B9}.Debug|x86.Build.0 = Debug|Any CPU
		{469BC3FD-3379-F075-0DB8-0A3B762C60B9}.Release|Any CPU.ActiveCfg = Release|Any CPU
		{469BC3FD-3379-F075-0DB8-0A3B762C60B9}.Release|Any CPU.Build.0 = Release|Any CPU
		{469BC3FD-3379-F075-0DB8-0A3B762C60B9}.Release|x64.ActiveCfg = Release|Any CPU
		{469BC3FD-3379-F075-0DB8-0A3B762C60B9}.Release|x64.Build.0 = Release|Any CPU
		{469BC3FD-3379-F075-0DB8-0A3B762C60B9}.Release|x86.ActiveCfg = Release|Any CPU
		{469BC3FD-3379-F075-0DB8-0A3B762C60B9}.Release|x86.Build.0 = Release|Any CPU
		{A4EFCC0F-89C9-1B92-24B9-A3AD4A27E0B2}.Debug|Any CPU.ActiveCfg = Debug|Any CPU
		{A4EFCC0F-89C9-1B92-24B9-A3AD4A27E0B2}.Debug|Any CPU.Build.0 = Debug|Any CPU
		{A4EFCC0F-89C9-1B92-24B9-A3AD4A27E0B2}.Debug|x64.ActiveCfg = Debug|Any CPU
		{A4EFCC0F-89C9-1B92-24B9-A3AD4A27E0B2}.Debug|x64.Build.0 = Debug|Any CPU
		{A4EFCC0F-89C9-1B92-24B9-A3AD4A27E0B2}.Debug|x86.ActiveCfg = Debug|Any CPU
		{A4EFCC0F-89C9-1B92-24B9-A3AD4A27E0B2}.Debug|x86.Build.0 = Debug|Any CPU
		{A4EFCC0F-89C9-1B92-24B9-A3AD4A27E0B2}.Release|Any CPU.ActiveCfg = Release|Any CPU
		{A4EFCC0F-89C9-1B92-24B9-A3AD4A27E0B2}.Release|Any CPU.Build.0 = Release|Any CPU
		{A4EFCC0F-89C9-1B92-24B9-A3AD4A27E0B2}.Release|x64.ActiveCfg = Release|Any CPU
		{A4EFCC0F-89C9-1B92-24B9-A3AD4A27E0B2}.Release|x64.Build.0 = Release|Any CPU
		{A4EFCC0F-89C9-1B92-24B9-A3AD4A27E0B2}.Release|x86.ActiveCfg = Release|Any CPU
		{A4EFCC0F-89C9-1B92-24B9-A3AD4A27E0B2}.Release|x86.Build.0 = Release|Any CPU
		{962B3D1C-9392-CE77-F4B9-FE1018A1A1CF}.Debug|Any CPU.ActiveCfg = Debug|Any CPU
		{962B3D1C-9392-CE77-F4B9-FE1018A1A1CF}.Debug|Any CPU.Build.0 = Debug|Any CPU
		{962B3D1C-9392-CE77-F4B9-FE1018A1A1CF}.Debug|x64.ActiveCfg = Debug|Any CPU
		{962B3D1C-9392-CE77-F4B9-FE1018A1A1CF}.Debug|x64.Build.0 = Debug|Any CPU
		{962B3D1C-9392-CE77-F4B9-FE1018A1A1CF}.Debug|x86.ActiveCfg = Debug|Any CPU
		{962B3D1C-9392-CE77-F4B9-FE1018A1A1CF}.Debug|x86.Build.0 = Debug|Any CPU
		{962B3D1C-9392-CE77-F4B9-FE1018A1A1CF}.Release|Any CPU.ActiveCfg = Release|Any CPU
		{962B3D1C-9392-CE77-F4B9-FE1018A1A1CF}.Release|Any CPU.Build.0 = Release|Any CPU
		{962B3D1C-9392-CE77-F4B9-FE1018A1A1CF}.Release|x64.ActiveCfg = Release|Any CPU
		{962B3D1C-9392-CE77-F4B9-FE1018A1A1CF}.Release|x64.Build.0 = Release|Any CPU
		{962B3D1C-9392-CE77-F4B9-FE1018A1A1CF}.Release|x86.ActiveCfg = Release|Any CPU
		{962B3D1C-9392-CE77-F4B9-FE1018A1A1CF}.Release|x86.Build.0 = Release|Any CPU
		{D96D82F6-12F3-42D5-B506-DB839F430891}.Debug|Any CPU.ActiveCfg = Debug|Any CPU
		{D96D82F6-12F3-42D5-B506-DB839F430891}.Debug|Any CPU.Build.0 = Debug|Any CPU
		{D96D82F6-12F3-42D5-B506-DB839F430891}.Debug|x64.ActiveCfg = Debug|Any CPU
		{D96D82F6-12F3-42D5-B506-DB839F430891}.Debug|x64.Build.0 = Debug|Any CPU
		{D96D82F6-12F3-42D5-B506-DB839F430891}.Debug|x86.ActiveCfg = Debug|Any CPU
		{D96D82F6-12F3-42D5-B506-DB839F430891}.Debug|x86.Build.0 = Debug|Any CPU
		{D96D82F6-12F3-42D5-B506-DB839F430891}.Release|Any CPU.ActiveCfg = Release|Any CPU
		{D96D82F6-12F3-42D5-B506-DB839F430891}.Release|Any CPU.Build.0 = Release|Any CPU
		{D96D82F6-12F3-42D5-B506-DB839F430891}.Release|x64.ActiveCfg = Release|Any CPU
		{D96D82F6-12F3-42D5-B506-DB839F430891}.Release|x64.Build.0 = Release|Any CPU
		{D96D82F6-12F3-42D5-B506-DB839F430891}.Release|x86.ActiveCfg = Release|Any CPU
		{D96D82F6-12F3-42D5-B506-DB839F430891}.Release|x86.Build.0 = Release|Any CPU
		{AE462925-BC4F-AF2D-D702-57115C84FDF4}.Debug|Any CPU.ActiveCfg = Debug|Any CPU
		{AE462925-BC4F-AF2D-D702-57115C84FDF4}.Debug|Any CPU.Build.0 = Debug|Any CPU
		{AE462925-BC4F-AF2D-D702-57115C84FDF4}.Debug|x64.ActiveCfg = Debug|Any CPU
		{AE462925-BC4F-AF2D-D702-57115C84FDF4}.Debug|x64.Build.0 = Debug|Any CPU
		{AE462925-BC4F-AF2D-D702-57115C84FDF4}.Debug|x86.ActiveCfg = Debug|Any CPU
		{AE462925-BC4F-AF2D-D702-57115C84FDF4}.Debug|x86.Build.0 = Debug|Any CPU
		{AE462925-BC4F-AF2D-D702-57115C84FDF4}.Release|Any CPU.ActiveCfg = Release|Any CPU
		{AE462925-BC4F-AF2D-D702-57115C84FDF4}.Release|Any CPU.Build.0 = Release|Any CPU
		{AE462925-BC4F-AF2D-D702-57115C84FDF4}.Release|x64.ActiveCfg = Release|Any CPU
		{AE462925-BC4F-AF2D-D702-57115C84FDF4}.Release|x64.Build.0 = Release|Any CPU
		{AE462925-BC4F-AF2D-D702-57115C84FDF4}.Release|x86.ActiveCfg = Release|Any CPU
		{AE462925-BC4F-AF2D-D702-57115C84FDF4}.Release|x86.Build.0 = Release|Any CPU
		{232A75D7-6B7D-4E41-996F-86A0F8DBE5C6}.Debug|Any CPU.ActiveCfg = Debug|Any CPU
		{232A75D7-6B7D-4E41-996F-86A0F8DBE5C6}.Debug|Any CPU.Build.0 = Debug|Any CPU
		{232A75D7-6B7D-4E41-996F-86A0F8DBE5C6}.Debug|x64.ActiveCfg = Debug|Any CPU
		{232A75D7-6B7D-4E41-996F-86A0F8DBE5C6}.Debug|x64.Build.0 = Debug|Any CPU
		{232A75D7-6B7D-4E41-996F-86A0F8DBE5C6}.Debug|x86.ActiveCfg = Debug|Any CPU
		{232A75D7-6B7D-4E41-996F-86A0F8DBE5C6}.Debug|x86.Build.0 = Debug|Any CPU
		{232A75D7-6B7D-4E41-996F-86A0F8DBE5C6}.Release|Any CPU.ActiveCfg = Release|Any CPU
		{232A75D7-6B7D-4E41-996F-86A0F8DBE5C6}.Release|Any CPU.Build.0 = Release|Any CPU
		{232A75D7-6B7D-4E41-996F-86A0F8DBE5C6}.Release|x64.ActiveCfg = Release|Any CPU
		{232A75D7-6B7D-4E41-996F-86A0F8DBE5C6}.Release|x64.Build.0 = Release|Any CPU
		{232A75D7-6B7D-4E41-996F-86A0F8DBE5C6}.Release|x86.ActiveCfg = Release|Any CPU
		{232A75D7-6B7D-4E41-996F-86A0F8DBE5C6}.Release|x86.Build.0 = Release|Any CPU
		{9884B973-9E31-77CE-A50E-C45B3E9F777C}.Debug|Any CPU.ActiveCfg = Debug|Any CPU
		{9884B973-9E31-77CE-A50E-C45B3E9F777C}.Debug|Any CPU.Build.0 = Debug|Any CPU
		{9884B973-9E31-77CE-A50E-C45B3E9F777C}.Debug|x64.ActiveCfg = Debug|Any CPU
		{9884B973-9E31-77CE-A50E-C45B3E9F777C}.Debug|x64.Build.0 = Debug|Any CPU
		{9884B973-9E31-77CE-A50E-C45B3E9F777C}.Debug|x86.ActiveCfg = Debug|Any CPU
		{9884B973-9E31-77CE-A50E-C45B3E9F777C}.Debug|x86.Build.0 = Debug|Any CPU
		{9884B973-9E31-77CE-A50E-C45B3E9F777C}.Release|Any CPU.ActiveCfg = Release|Any CPU
		{9884B973-9E31-77CE-A50E-C45B3E9F777C}.Release|Any CPU.Build.0 = Release|Any CPU
		{9884B973-9E31-77CE-A50E-C45B3E9F777C}.Release|x64.ActiveCfg = Release|Any CPU
		{9884B973-9E31-77CE-A50E-C45B3E9F777C}.Release|x64.Build.0 = Release|Any CPU
		{9884B973-9E31-77CE-A50E-C45B3E9F777C}.Release|x86.ActiveCfg = Release|Any CPU
		{9884B973-9E31-77CE-A50E-C45B3E9F777C}.Release|x86.Build.0 = Release|Any CPU
		{E09C170C-36FC-AB06-B37A-700CE63273D3}.Debug|Any CPU.ActiveCfg = Debug|Any CPU
		{E09C170C-36FC-AB06-B37A-700CE63273D3}.Debug|Any CPU.Build.0 = Debug|Any CPU
		{E09C170C-36FC-AB06-B37A-700CE63273D3}.Debug|x64.ActiveCfg = Debug|Any CPU
		{E09C170C-36FC-AB06-B37A-700CE63273D3}.Debug|x64.Build.0 = Debug|Any CPU
		{E09C170C-36FC-AB06-B37A-700CE63273D3}.Debug|x86.ActiveCfg = Debug|Any CPU
		{E09C170C-36FC-AB06-B37A-700CE63273D3}.Debug|x86.Build.0 = Debug|Any CPU
		{E09C170C-36FC-AB06-B37A-700CE63273D3}.Release|Any CPU.ActiveCfg = Release|Any CPU
		{E09C170C-36FC-AB06-B37A-700CE63273D3}.Release|Any CPU.Build.0 = Release|Any CPU
		{E09C170C-36FC-AB06-B37A-700CE63273D3}.Release|x64.ActiveCfg = Release|Any CPU
		{E09C170C-36FC-AB06-B37A-700CE63273D3}.Release|x64.Build.0 = Release|Any CPU
		{E09C170C-36FC-AB06-B37A-700CE63273D3}.Release|x86.ActiveCfg = Release|Any CPU
		{E09C170C-36FC-AB06-B37A-700CE63273D3}.Release|x86.Build.0 = Release|Any CPU
		{EA308F07-568C-0462-8F94-03C38EC33807}.Debug|Any CPU.ActiveCfg = Debug|Any CPU
		{EA308F07-568C-0462-8F94-03C38EC33807}.Debug|Any CPU.Build.0 = Debug|Any CPU
		{EA308F07-568C-0462-8F94-03C38EC33807}.Debug|x64.ActiveCfg = Debug|Any CPU
		{EA308F07-568C-0462-8F94-03C38EC33807}.Debug|x64.Build.0 = Debug|Any CPU
		{EA308F07-568C-0462-8F94-03C38EC33807}.Debug|x86.ActiveCfg = Debug|Any CPU
		{EA308F07-568C-0462-8F94-03C38EC33807}.Debug|x86.Build.0 = Debug|Any CPU
		{EA308F07-568C-0462-8F94-03C38EC33807}.Release|Any CPU.ActiveCfg = Release|Any CPU
		{EA308F07-568C-0462-8F94-03C38EC33807}.Release|Any CPU.Build.0 = Release|Any CPU
		{EA308F07-568C-0462-8F94-03C38EC33807}.Release|x64.ActiveCfg = Release|Any CPU
		{EA308F07-568C-0462-8F94-03C38EC33807}.Release|x64.Build.0 = Release|Any CPU
		{EA308F07-568C-0462-8F94-03C38EC33807}.Release|x86.ActiveCfg = Release|Any CPU
		{EA308F07-568C-0462-8F94-03C38EC33807}.Release|x86.Build.0 = Release|Any CPU
		{BA5277F9-F550-25D3-0527-06B8B4C76211}.Debug|Any CPU.ActiveCfg = Debug|Any CPU
		{BA5277F9-F550-25D3-0527-06B8B4C76211}.Debug|Any CPU.Build.0 = Debug|Any CPU
		{BA5277F9-F550-25D3-0527-06B8B4C76211}.Debug|x64.ActiveCfg = Debug|Any CPU
		{BA5277F9-F550-25D3-0527-06B8B4C76211}.Debug|x64.Build.0 = Debug|Any CPU
		{BA5277F9-F550-25D3-0527-06B8B4C76211}.Debug|x86.ActiveCfg = Debug|Any CPU
		{BA5277F9-F550-25D3-0527-06B8B4C76211}.Debug|x86.Build.0 = Debug|Any CPU
		{BA5277F9-F550-25D3-0527-06B8B4C76211}.Release|Any CPU.ActiveCfg = Release|Any CPU
		{BA5277F9-F550-25D3-0527-06B8B4C76211}.Release|Any CPU.Build.0 = Release|Any CPU
		{BA5277F9-F550-25D3-0527-06B8B4C76211}.Release|x64.ActiveCfg = Release|Any CPU
		{BA5277F9-F550-25D3-0527-06B8B4C76211}.Release|x64.Build.0 = Release|Any CPU
		{BA5277F9-F550-25D3-0527-06B8B4C76211}.Release|x86.ActiveCfg = Release|Any CPU
		{BA5277F9-F550-25D3-0527-06B8B4C76211}.Release|x86.Build.0 = Release|Any CPU
		{A85021D2-EC0F-43BB-9F94-0D7C049BC986}.Debug|Any CPU.ActiveCfg = Debug|Any CPU
		{A85021D2-EC0F-43BB-9F94-0D7C049BC986}.Debug|Any CPU.Build.0 = Debug|Any CPU
		{A85021D2-EC0F-43BB-9F94-0D7C049BC986}.Debug|x64.ActiveCfg = Debug|Any CPU
		{A85021D2-EC0F-43BB-9F94-0D7C049BC986}.Debug|x64.Build.0 = Debug|Any CPU
		{A85021D2-EC0F-43BB-9F94-0D7C049BC986}.Debug|x86.ActiveCfg = Debug|Any CPU
		{A85021D2-EC0F-43BB-9F94-0D7C049BC986}.Debug|x86.Build.0 = Debug|Any CPU
		{A85021D2-EC0F-43BB-9F94-0D7C049BC986}.Release|Any CPU.ActiveCfg = Release|Any CPU
		{A85021D2-EC0F-43BB-9F94-0D7C049BC986}.Release|Any CPU.Build.0 = Release|Any CPU
		{A85021D2-EC0F-43BB-9F94-0D7C049BC986}.Release|x64.ActiveCfg = Release|Any CPU
		{A85021D2-EC0F-43BB-9F94-0D7C049BC986}.Release|x64.Build.0 = Release|Any CPU
		{A85021D2-EC0F-43BB-9F94-0D7C049BC986}.Release|x86.ActiveCfg = Release|Any CPU
		{A85021D2-EC0F-43BB-9F94-0D7C049BC986}.Release|x86.Build.0 = Release|Any CPU
	EndGlobalSection
	GlobalSection(SolutionProperties) = preSolution
		HideSolutionNode = FALSE
	EndGlobalSection
	GlobalSection(NestedProjects) = preSolution
		{D96D82F6-12F3-42D5-B506-DB839F430891} = {02EA681E-C7D8-13C7-8484-4AC65E1B71E8}
		{AE462925-BC4F-AF2D-D702-57115C84FDF4} = {02EA681E-C7D8-13C7-8484-4AC65E1B71E8}
		{232A75D7-6B7D-4E41-996F-86A0F8DBE5C6} = {02EA681E-C7D8-13C7-8484-4AC65E1B71E8}
		{9884B973-9E31-77CE-A50E-C45B3E9F777C} = {02EA681E-C7D8-13C7-8484-4AC65E1B71E8}
		{E09C170C-36FC-AB06-B37A-700CE63273D3} = {02EA681E-C7D8-13C7-8484-4AC65E1B71E8}
		{EA308F07-568C-0462-8F94-03C38EC33807} = {02EA681E-C7D8-13C7-8484-4AC65E1B71E8}
		{BA5277F9-F550-25D3-0527-06B8B4C76211} = {02EA681E-C7D8-13C7-8484-4AC65E1B71E8}
		{A85021D2-EC0F-43BB-9F94-0D7C049BC986} = {02EA681E-C7D8-13C7-8484-4AC65E1B71E8}
	EndGlobalSection
	GlobalSection(ExtensibilityGlobals) = postSolution
		SolutionGuid = {A559EC41-F6CC-40AE-8D6C-C655D981B2EB}
	EndGlobalSection
EndGlobal
